# Code generated by scarb DO NOT EDIT.
version = 1

[[package]]
name = "event_manager"
version = "0.1.0"
dependencies = [
 "openzeppelin_access",
]

[[package]]
name = "openzeppelin_access"
version = "0.17.0"
source = "registry+https://scarbs.xyz/"
checksum = "sha256:541bb8fdf1ad17fe0d275b00acb9f0d7f56ea5534741e21535ac3fda2c600281"
dependencies = [
 "openzeppelin_introspection",
 "openzeppelin_utils",
]

[[package]]
name = "openzeppelin_introspection"
version = "0.17.0"
source = "registry+https://scarbs.xyz/"
checksum = "sha256:892433a4a1ea0fc9cf7cdb01e06ddc2782182abcc188e4ea5dd480906d006cf8"

[[package]]
name = "openzeppelin_utils"
version = "0.17.0"
source = "registry+https://scarbs.xyz/"
checksum = "sha256:36d93e353f42fd6b824abcd8b4b51c3f5d02c893c5f886ae81403b0368aa5fde"
